
Microsoft Visual Studio Solution File, Format Version 12.00
# Visual Studio Version 17
VisualStudioVersion = 17.0.32112.339
MinimumVisualStudioVersion = 10.0.40219.1
Project("{FAE04EC0-301F-11D3-BF4B-00C04F79EFBC}") = "HWS_Delegates_2022_28_03", "HWS_Delegates_2022_28_03\HWS_Delegates_2022_28_03.csproj", "{94D6E4C2-363A-4362-ACC0-663537617BF5}"
EndProject
Global
	GlobalSection(SolutionConfigurationPlatforms) = preSolution
		Debug|Any CPU = Debug|Any CPU
		Release|Any CPU = Release|Any CPU
	EndGlobalSection
	GlobalSection(ProjectConfigurationPlatforms) = postSolution
		{94D6E4C2-363A-4362-ACC0-663537617BF5}.Debug|Any CPU.ActiveCfg = Debug|Any CPU
		{94D6E4C2-363A-4362-ACC0-663537617BF5}.Debug|Any CPU.Build.0 = Debug|Any CPU
		{94D6E4C2-363A-4362-ACC0-663537617BF5}.Release|Any CPU.ActiveCfg = Release|Any CPU
		{94D6E4C2-363A-4362-ACC0-663537617BF5}.Release|Any CPU.Build.0 = Release|Any CPU
	EndGlobalSection
	GlobalSection(SolutionProperties) = preSolution
		HideSolutionNode = FALSE
	EndGlobalSection
	GlobalSection(ExtensibilityGlobals) = postSolution
		SolutionGuid = {20218F76-4F15-4523-B887-6C74451F9C9E}
	EndGlobalSection
EndGlobal
